
Microsoft Visual Studio Solution File, Format Version 10.00
# Visual C++ Express 2008
Project("{8BC9CEB8-8B4A-11D0-8D11-00A0C91BC942}") = "WrappedDLLExample", "WrappedDLLExample.vcproj", "{039F3F1F-E448-4DEA-AB91-AC6CA2D2FC8F}"
EndProject
Global
	GlobalSection(SolutionConfigurationPlatforms) = preSolution
		Debug|Win32 = Debug|Win32
		Release|Win32 = Release|Win32
	EndGlobalSection
	GlobalSection(ProjectConfigurationPlatforms) = postSolution
		{039F3F1F-E448-4DEA-AB91-AC6CA2D2FC8F}.Debug|Win32.ActiveCfg = Debug|Win32
		{039F3F1F-E448-4DEA-AB91-AC6CA2D2FC8F}.Debug|Win32.Build.0 = Debug|Win32
		{039F3F1F-E448-4DEA-AB91-AC6CA2D2FC8F}.Release|Win32.ActiveCfg = Release|Win32
		{039F3F1F-E448-4DEA-AB91-AC6CA2D2FC8F}.Release|Win32.Build.0 = Release|Win32
	EndGlobalSection
	GlobalSection(SolutionProperties) = preSolution
		HideSolutionNode = FALSE
	EndGlobalSection
EndGlobal
